github.com/ant1po1e/go-say-hello v1.0.0 h1:CHmR93AnPGn+KoYHlzmqHDKHzPMSP5seYtBg1wKqwf4=
github.com/ant1po1e/go-say-hello v1.0.0/go.mod h1:4OEX5ASk+WhrXxwINKiTNVggJZupvo3y6qNl9az99kw=
github.com/ant1po1e/go-say-hello v1.1.0 h1:8dwM+wDKNlvWG5LK0viQu+FDdUN429iv9sPmH9KUHzQ=
github.com/ant1po1e/go-say-hello v1.1.0/go.mod h1:4OEX5ASk+WhrXxwINKiTNVggJZupvo3y6qNl9az99kw=
github.com/ant1po1e/go-say-hello/v2 v2.0.0 h1:COEJLWRzCjnMW4nEHsQnGyWPvzf1R12f+HdxVJrdHLI=
github.com/ant1po1e/go-say-hello/v2 v2.0.0/go.mod h1:0lNsQW8QjwHN/3/BbITFAB1Pz6X2NVQiZ89ibY9y0+A=
